
Microsoft Visual Studio Solution File, Format Version 12.00
# Visual Studio Version 16
VisualStudioVersion = 16.0.31205.134
MinimumVisualStudioVersion = 10.0.40219.1
Project("{FAE04EC0-301F-11D3-BF4B-00C04F79EFBC}") = "FizzBuzz", "FizzBuzz\FizzBuzz.csproj", "{582F87A9-73C6-45E5-8514-64BB9D7E0913}"
EndProject
Global
	GlobalSection(SolutionConfigurationPlatforms) = preSolution
		Debug|Any CPU = Debug|Any CPU
		Release|Any CPU = Release|Any CPU
	EndGlobalSection
	GlobalSection(ProjectConfigurationPlatforms) = postSolution
		{582F87A9-73C6-45E5-8514-64BB9D7E0913}.Debug|Any CPU.ActiveCfg = Debug|Any CPU
		{582F87A9-73C6-45E5-8514-64BB9D7E0913}.Debug|Any CPU.Build.0 = Debug|Any CPU
		{582F87A9-73C6-45E5-8514-64BB9D7E0913}.Release|Any CPU.ActiveCfg = Release|Any CPU
		{582F87A9-73C6-45E5-8514-64BB9D7E0913}.Release|Any CPU.Build.0 = Release|Any CPU
	EndGlobalSection
	GlobalSection(SolutionProperties) = preSolution
		HideSolutionNode = FALSE
	EndGlobalSection
	GlobalSection(ExtensibilityGlobals) = postSolution
		SolutionGuid = {4AC0DA35-83B7-4841-85C0-EE490DE814EA}
	EndGlobalSection
EndGlobal
